
Microsoft Visual Studio Solution File, Format Version 12.00
# Visual Studio Version 17
VisualStudioVersion = 17.12.35527.113 d17.12
MinimumVisualStudioVersion = 10.0.40219.1
Project("{2150E333-8FDC-42A3-9474-1A3956D46DE8}") = "src", "src", "{B3B8334E-5ED4-4DB2-BBBC-2012CC1A90F3}"
EndProject
Project("{2150E333-8FDC-42A3-9474-1A3956D46DE8}") = "Core", "Core", "{382F6E74-672A-4B35-B440-01082C4EC784}"
EndProject
Project("{2150E333-8FDC-42A3-9474-1A3956D46DE8}") = "Infraestructure", "Infraestructure", "{E8EE5163-0568-41E7-89A6-74A51904B72A}"
EndProject
Project("{2150E333-8FDC-42A3-9474-1A3956D46DE8}") = "Presentation", "Presentation", "{69048DA5-87EF-4096-91E7-763B3F53701B}"
EndProject
Project("{FAE04EC0-301F-11D3-BF4B-00C04F79EFBC}") = "Application", "Application\Application.csproj", "{E680A872-E4C0-4D3F-9CF7-2685C9BD857F}"
EndProject
Project("{FAE04EC0-301F-11D3-BF4B-00C04F79EFBC}") = "Domain", "Domain\Domain.csproj", "{1C8D5E8F-4C5F-41E9-BE1F-564173539267}"
EndProject
Project("{FAE04EC0-301F-11D3-BF4B-00C04F79EFBC}") = "Persistence", "Persistence\Persistence.csproj", "{EB40ABEC-C5BB-42EE-A187-1C874F89BB5A}"
EndProject
Project("{FAE04EC0-301F-11D3-BF4B-00C04F79EFBC}") = "Shared", "Shared\Shared.csproj", "{53B88E4E-4F31-4A78-B3A0-CE9B1B5D94D8}"
EndProject
Project("{FAE04EC0-301F-11D3-BF4B-00C04F79EFBC}") = "WebAPI", "WebAPI\WebAPI.csproj", "{49D53EAD-06CC-4AFB-A2A9-3672335589DF}"
EndProject
Global
	GlobalSection(SolutionConfigurationPlatforms) = preSolution
		Debug|Any CPU = Debug|Any CPU
		Release|Any CPU = Release|Any CPU
	EndGlobalSection
	GlobalSection(ProjectConfigurationPlatforms) = postSolution
		{E680A872-E4C0-4D3F-9CF7-2685C9BD857F}.Debug|Any CPU.ActiveCfg = Debug|Any CPU
		{E680A872-E4C0-4D3F-9CF7-2685C9BD857F}.Debug|Any CPU.Build.0 = Debug|Any CPU
		{E680A872-E4C0-4D3F-9CF7-2685C9BD857F}.Release|Any CPU.ActiveCfg = Release|Any CPU
		{E680A872-E4C0-4D3F-9CF7-2685C9BD857F}.Release|Any CPU.Build.0 = Release|Any CPU
		{1C8D5E8F-4C5F-41E9-BE1F-564173539267}.Debug|Any CPU.ActiveCfg = Debug|Any CPU
		{1C8D5E8F-4C5F-41E9-BE1F-564173539267}.Debug|Any CPU.Build.0 = Debug|Any CPU
		{1C8D5E8F-4C5F-41E9-BE1F-564173539267}.Release|Any CPU.ActiveCfg = Release|Any CPU
		{1C8D5E8F-4C5F-41E9-BE1F-564173539267}.Release|Any CPU.Build.0 = Release|Any CPU
		{EB40ABEC-C5BB-42EE-A187-1C874F89BB5A}.Debug|Any CPU.ActiveCfg = Debug|Any CPU
		{EB40ABEC-C5BB-42EE-A187-1C874F89BB5A}.Debug|Any CPU.Build.0 = Debug|Any CPU
		{EB40ABEC-C5BB-42EE-A187-1C874F89BB5A}.Release|Any CPU.ActiveCfg = Release|Any CPU
		{EB40ABEC-C5BB-42EE-A187-1C874F89BB5A}.Release|Any CPU.Build.0 = Release|Any CPU
		{53B88E4E-4F31-4A78-B3A0-CE9B1B5D94D8}.Debug|Any CPU.ActiveCfg = Debug|Any CPU
		{53B88E4E-4F31-4A78-B3A0-CE9B1B5D94D8}.Debug|Any CPU.Build.0 = Debug|Any CPU
		{53B88E4E-4F31-4A78-B3A0-CE9B1B5D94D8}.Release|Any CPU.ActiveCfg = Release|Any CPU
		{53B88E4E-4F31-4A78-B3A0-CE9B1B5D94D8}.Release|Any CPU.Build.0 = Release|Any CPU
		{49D53EAD-06CC-4AFB-A2A9-3672335589DF}.Debug|Any CPU.ActiveCfg = Debug|Any CPU
		{49D53EAD-06CC-4AFB-A2A9-3672335589DF}.Debug|Any CPU.Build.0 = Debug|Any CPU
		{49D53EAD-06CC-4AFB-A2A9-3672335589DF}.Release|Any CPU.ActiveCfg = Release|Any CPU
		{49D53EAD-06CC-4AFB-A2A9-3672335589DF}.Release|Any CPU.Build.0 = Release|Any CPU
	EndGlobalSection
	GlobalSection(SolutionProperties) = preSolution
		HideSolutionNode = FALSE
	EndGlobalSection
	GlobalSection(NestedProjects) = preSolution
		{382F6E74-672A-4B35-B440-01082C4EC784} = {B3B8334E-5ED4-4DB2-BBBC-2012CC1A90F3}
		{E8EE5163-0568-41E7-89A6-74A51904B72A} = {B3B8334E-5ED4-4DB2-BBBC-2012CC1A90F3}
		{69048DA5-87EF-4096-91E7-763B3F53701B} = {B3B8334E-5ED4-4DB2-BBBC-2012CC1A90F3}
		{E680A872-E4C0-4D3F-9CF7-2685C9BD857F} = {382F6E74-672A-4B35-B440-01082C4EC784}
		{1C8D5E8F-4C5F-41E9-BE1F-564173539267} = {382F6E74-672A-4B35-B440-01082C4EC784}
		{EB40ABEC-C5BB-42EE-A187-1C874F89BB5A} = {E8EE5163-0568-41E7-89A6-74A51904B72A}
		{53B88E4E-4F31-4A78-B3A0-CE9B1B5D94D8} = {E8EE5163-0568-41E7-89A6-74A51904B72A}
		{49D53EAD-06CC-4AFB-A2A9-3672335589DF} = {69048DA5-87EF-4096-91E7-763B3F53701B}
	EndGlobalSection
EndGlobal
